// !$*UTF8*$!
{
	archiveVersion = 1;
	classes = {
	};
	objectVersion = 46;
	objects = {

/* Begin PBXBuildFile section */
		AE17FE9F1F60392B003F9727 /* SignInViewController.swift in Sources */ = {isa = PBXBuildFile; fileRef = AE17FE9E1F60392B003F9727 /* SignInViewController.swift */; };
		AE17FEA11F603943003F9727 /* SignUpViewController.swift in Sources */ = {isa = PBXBuildFile; fileRef = AE17FEA01F603943003F9727 /* SignUpViewController.swift */; };
		AE17FEA31F60396C003F9727 /* AddSpotViewController.swift in Sources */ = {isa = PBXBuildFile; fileRef = AE17FEA21F60396C003F9727 /* AddSpotViewController.swift */; };
		AE9D0C5D1F61890100A8D14B /* ResultsViewController.swift in Sources */ = {isa = PBXBuildFile; fileRef = AE9D0C5C1F61890100A8D14B /* ResultsViewController.swift */; };
		AE9D0C5F1F618B0500A8D14B /* CustomCell.swift in Sources */ = {isa = PBXBuildFile; fileRef = AE9D0C5E1F618B0500A8D14B /* CustomCell.swift */; };
		AEFB971E1F5FFF030013F30A /* AppDelegate.swift in Sources */ = {isa = PBXBuildFile; fileRef = AEFB971D1F5FFF030013F30A /* AppDelegate.swift */; };
		AEFB97201F5FFF030013F30A /* MainViewController.swift in Sources */ = {isa = PBXBuildFile; fileRef = AEFB971F1F5FFF030013F30A /* MainViewController.swift */; };
		AEFB97231F5FFF030013F30A /* Main.storyboard in Resources */ = {isa = PBXBuildFile; fileRef = AEFB97211F5FFF030013F30A /* Main.storyboard */; };
		AEFB97251F5FFF030013F30A /* Assets.xcassets in Resources */ = {isa = PBXBuildFile; fileRef = AEFB97241F5FFF030013F30A /* Assets.xcassets */; };
		AEFB97281F5FFF030013F30A /* LaunchScreen.storyboard in Resources */ = {isa = PBXBuildFile; fileRef = AEFB97261F5FFF030013F30A /* LaunchScreen.storyboard */; };
		B74DD051E737859136707D05 /* Pods_OpenParis.framework in Frameworks */ = {isa = PBXBuildFile; fileRef = 13418B8800B380DFAAE842F8 /* Pods_OpenParis.framework */; };
		D7112A641F62B78E00CC4892 /* EntryCell.swift in Sources */ = {isa = PBXBuildFile; fileRef = D7112A631F62B78E00CC4892 /* EntryCell.swift */; };
		D72A4C7A1F629582006A7D90 /* SearchViewController.swift in Sources */ = {isa = PBXBuildFile; fileRef = AE17FEA41F6039DC003F9727 /* SearchViewController.swift */; };
		D73344D71F629A5F00BF890E /* ChoiceViewController.swift in Sources */ = {isa = PBXBuildFile; fileRef = D73344D61F629A5F00BF890E /* ChoiceViewController.swift */; };
		D7644C021F882381002AC8FA /* Logement.swift in Sources */ = {isa = PBXBuildFile; fileRef = D7644C011F882381002AC8FA /* Logement.swift */; };
		D7644C041F882581002AC8FA /* Place.swift in Sources */ = {isa = PBXBuildFile; fileRef = D7644C031F882581002AC8FA /* Place.swift */; };
/* End PBXBuildFile section */

/* Begin PBXFileReference section */
		13418B8800B380DFAAE842F8 /* Pods_OpenParis.framework */ = {isa = PBXFileReference; explicitFileType = wrapper.framework; includeInIndex = 0; path = Pods_OpenParis.framework; sourceTree = BUILT_PRODUCTS_DIR; };
		6783C6BD2BB685AD4E60F576 /* Pods-OpenParis.debug.xcconfig */ = {isa = PBXFileReference; includeInIndex = 1; lastKnownFileType = text.xcconfig; name = "Pods-OpenParis.debug.xcconfig"; path = "Pods/Target Support Files/Pods-OpenParis/Pods-OpenParis.debug.xcconfig"; sourceTree = "<group>"; };
		AE17FE9E1F60392B003F9727 /* SignInViewController.swift */ = {isa = PBXFileReference; fileEncoding = 4; lastKnownFileType = sourcecode.swift; name = SignInViewController.swift; path = Controllers/SignInViewController.swift; sourceTree = "<group>"; };
		AE17FEA01F603943003F9727 /* SignUpViewController.swift */ = {isa = PBXFileReference; fileEncoding = 4; lastKnownFileType = sourcecode.swift; name = SignUpViewController.swift; path = Controllers/SignUpViewController.swift; sourceTree = "<group>"; };
		AE17FEA21F60396C003F9727 /* AddSpotViewController.swift */ = {isa = PBXFileReference; fileEncoding = 4; lastKnownFileType = sourcecode.swift; name = AddSpotViewController.swift; path = Controllers/AddSpotViewController.swift; sourceTree = "<group>"; };
		AE17FEA41F6039DC003F9727 /* SearchViewController.swift */ = {isa = PBXFileReference; fileEncoding = 4; lastKnownFileType = sourcecode.swift; name = SearchViewController.swift; path = Controllers/SearchViewController.swift; sourceTree = "<group>"; };
		AE9D0C5C1F61890100A8D14B /* ResultsViewController.swift */ = {isa = PBXFileReference; fileEncoding = 4; lastKnownFileType = sourcecode.swift; name = ResultsViewController.swift; path = Controllers/ResultsViewController.swift; sourceTree = "<group>"; };
		AE9D0C5E1F618B0500A8D14B /* CustomCell.swift */ = {isa = PBXFileReference; fileEncoding = 4; lastKnownFileType = sourcecode.swift; name = CustomCell.swift; path = Views/CustomCell.swift; sourceTree = "<group>"; };
		AEFB971A1F5FFF030013F30A /* OpenParis.app */ = {isa = PBXFileReference; explicitFileType = wrapper.application; includeInIndex = 0; path = OpenParis.app; sourceTree = BUILT_PRODUCTS_DIR; };
		AEFB971D1F5FFF030013F30A /* AppDelegate.swift */ = {isa = PBXFileReference; lastKnownFileType = sourcecode.swift; path = AppDelegate.swift; sourceTree = "<group>"; };
		AEFB971F1F5FFF030013F30A /* MainViewController.swift */ = {isa = PBXFileReference; lastKnownFileType = sourcecode.swift; name = MainViewController.swift; path = Controllers/MainViewController.swift; sourceTree = "<group>"; };
		AEFB97221F5FFF030013F30A /* Base */ = {isa = PBXFileReference; lastKnownFileType = file.storyboard; name = Base; path = Base.lproj/Main.storyboard; sourceTree = "<group>"; };
		AEFB97241F5FFF030013F30A /* Assets.xcassets */ = {isa = PBXFileReference; lastKnownFileType = folder.assetcatalog; path = Assets.xcassets; sourceTree = "<group>"; };
		AEFB97271F5FFF030013F30A /* Base */ = {isa = PBXFileReference; lastKnownFileType = file.storyboard; name = Base; path = Base.lproj/LaunchScreen.storyboard; sourceTree = "<group>"; };
		AEFB97291F5FFF030013F30A /* Info.plist */ = {isa = PBXFileReference; lastKnownFileType = text.plist.xml; path = Info.plist; sourceTree = "<group>"; };
		D7112A631F62B78E00CC4892 /* EntryCell.swift */ = {isa = PBXFileReference; lastKnownFileType = sourcecode.swift; name = EntryCell.swift; path = Views/EntryCell.swift; sourceTree = "<group>"; };
		D73344D61F629A5F00BF890E /* ChoiceViewController.swift */ = {isa = PBXFileReference; lastKnownFileType = sourcecode.swift; name = ChoiceViewController.swift; path = Controllers/ChoiceViewController.swift; sourceTree = "<group>"; };
		D7644C011F882381002AC8FA /* Logement.swift */ = {isa = PBXFileReference; lastKnownFileType = sourcecode.swift; name = Logement.swift; path = Models/Logement.swift; sourceTree = "<group>"; };
		D7644C031F882581002AC8FA /* Place.swift */ = {isa = PBXFileReference; lastKnownFileType = sourcecode.swift; name = Place.swift; path = Models/Place.swift; sourceTree = "<group>"; };
		D7B627BC6DA7E360742C9D52 /* Pods-OpenParis.release.xcconfig */ = {isa = PBXFileReference; includeInIndex = 1; lastKnownFileType = text.xcconfig; name = "Pods-OpenParis.release.xcconfig"; path = "Pods/Target Support Files/Pods-OpenParis/Pods-OpenParis.release.xcconfig"; sourceTree = "<group>"; };
/* End PBXFileReference section */

/* Begin PBXFrameworksBuildPhase section */
		AEFB97171F5FFF030013F30A /* Frameworks */ = {
			isa = PBXFrameworksBuildPhase;
			buildActionMask = 2147483647;
			files = (
				B74DD051E737859136707D05 /* Pods_OpenParis.framework in Frameworks */,
			);
			runOnlyForDeploymentPostprocessing = 0;
		};
/* End PBXFrameworksBuildPhase section */

/* Begin PBXGroup section */
		17E6C73021349119BA56FF26 /* Pods */ = {
			isa = PBXGroup;
			children = (
				6783C6BD2BB685AD4E60F576 /* Pods-OpenParis.debug.xcconfig */,
				D7B627BC6DA7E360742C9D52 /* Pods-OpenParis.release.xcconfig */,
			);
			name = Pods;
			sourceTree = "<group>";
		};
		650A27F0B51E17C7184C7BAB /* Frameworks */ = {
			isa = PBXGroup;
			children = (
				13418B8800B380DFAAE842F8 /* Pods_OpenParis.framework */,
			);
			name = Frameworks;
			sourceTree = "<group>";
		};
		AE17FE9D1F6038E2003F9727 /* Controllers */ = {
			isa = PBXGroup;
			children = (
				AEFB971F1F5FFF030013F30A /* MainViewController.swift */,
				AE17FE9E1F60392B003F9727 /* SignInViewController.swift */,
				AE17FEA01F603943003F9727 /* SignUpViewController.swift */,
				AE17FEA21F60396C003F9727 /* AddSpotViewController.swift */,
				AE17FEA41F6039DC003F9727 /* SearchViewController.swift */,
				AE9D0C5C1F61890100A8D14B /* ResultsViewController.swift */,
				D73344D61F629A5F00BF890E /* ChoiceViewController.swift */,
			);
			name = Controllers;
			sourceTree = "<group>";
		};
		AEFB97111F5FFF030013F30A = {
			isa = PBXGroup;
			children = (
				AEFB971C1F5FFF030013F30A /* OpenParis */,
				AEFB971B1F5FFF030013F30A /* Products */,
				17E6C73021349119BA56FF26 /* Pods */,
				650A27F0B51E17C7184C7BAB /* Frameworks */,
			);
			sourceTree = "<group>";
		};
		AEFB971B1F5FFF030013F30A /* Products */ = {
			isa = PBXGroup;
			children = (
				AEFB971A1F5FFF030013F30A /* OpenParis.app */,
			);
			name = Products;
			sourceTree = "<group>";
		};
		AEFB971C1F5FFF030013F30A /* OpenParis */ = {
			isa = PBXGroup;
			children = (
				AEFB971D1F5FFF030013F30A /* AppDelegate.swift */,
				D7644C001F882299002AC8FA /* Models */,
				D7644BFE1F881F6A002AC8FA /* Views */,
				AE17FE9D1F6038E2003F9727 /* Controllers */,
				D7644BFF1F881F93002AC8FA /* Storyboards */,
				AEFB97241F5FFF030013F30A /* Assets.xcassets */,
				AEFB97291F5FFF030013F30A /* Info.plist */,
			);
			path = OpenParis;
			sourceTree = "<group>";
		};
		D7644BFE1F881F6A002AC8FA /* Views */ = {
			isa = PBXGroup;
			children = (
				AE9D0C5E1F618B0500A8D14B /* CustomCell.swift */,
				D7112A631F62B78E00CC4892 /* EntryCell.swift */,
			);
			name = Views;
			sourceTree = "<group>";
		};
		D7644BFF1F881F93002AC8FA /* Storyboards */ = {
			isa = PBXGroup;
			children = (
				AEFB97211F5FFF030013F30A /* Main.storyboard */,
				AEFB97261F5FFF030013F30A /* LaunchScreen.storyboard */,
			);
			name = Storyboards;
			sourceTree = "<group>";
		};
		D7644C001F882299002AC8FA /* Models */ = {
			isa = PBXGroup;
			children = (
				D7644C011F882381002AC8FA /* Logement.swift */,
				D7644C031F882581002AC8FA /* Place.swift */,
			);
			name = Models;
			sourceTree = "<group>";
		};
/* End PBXGroup section */

/* Begin PBXNativeTarget section */
		AEFB97191F5FFF030013F30A /* OpenParis */ = {
			isa = PBXNativeTarget;
			buildConfigurationList = AEFB972C1F5FFF030013F30A /* Build configuration list for PBXNativeTarget "OpenParis" */;
			buildPhases = (
				41CDE2316977C9E971FF036A /* [CP] Check Pods Manifest.lock */,
				AEFB97161F5FFF030013F30A /* Sources */,
				AEFB97171F5FFF030013F30A /* Frameworks */,
				AEFB97181F5FFF030013F30A /* Resources */,
				D198F5EF479EE2C0E2E95473 /* [CP] Embed Pods Frameworks */,
				74497DFFEB133EC0AC1657C7 /* [CP] Copy Pods Resources */,
			);
			buildRules = (
			);
			dependencies = (
			);
			name = OpenParis;
			productName = OpenParis;
			productReference = AEFB971A1F5FFF030013F30A /* OpenParis.app */;
			productType = "com.apple.product-type.application";
		};
/* End PBXNativeTarget section */

/* Begin PBXProject section */
		AEFB97121F5FFF030013F30A /* Project object */ = {
			isa = PBXProject;
			attributes = {
				LastSwiftUpdateCheck = 0820;
				LastUpgradeCheck = 0900;
				ORGANIZATIONNAME = ESGI;
				TargetAttributes = {
					AEFB97191F5FFF030013F30A = {
						CreatedOnToolsVersion = 8.2.1;
						DevelopmentTeam = 5RUJTG3BGA;
						LastSwiftMigration = 0900;
						ProvisioningStyle = Automatic;
					};
				};
			};
			buildConfigurationList = AEFB97151F5FFF030013F30A /* Build configuration list for PBXProject "OpenParis" */;
			compatibilityVersion = "Xcode 3.2";
			developmentRegion = English;
			hasScannedForEncodings = 0;
			knownRegions = (
				en,
				Base,
			);
			mainGroup = AEFB97111F5FFF030013F30A;
			productRefGroup = AEFB971B1F5FFF030013F30A /* Products */;
			projectDirPath = "";
			projectRoot = "";
			targets = (
				AEFB97191F5FFF030013F30A /* OpenParis */,
			);
		};
/* End PBXProject section */

/* Begin PBXResourcesBuildPhase section */
		AEFB97181F5FFF030013F30A /* Resources */ = {
			isa = PBXResourcesBuildPhase;
			buildActionMask = 2147483647;
			files = (
				AEFB97281F5FFF030013F30A /* LaunchScreen.storyboard in Resources */,
				AEFB97251F5FFF030013F30A /* Assets.xcassets in Resources */,
				AEFB97231F5FFF030013F30A /* Main.storyboard in Resources */,
			);
			runOnlyForDeploymentPostprocessing = 0;
		};
/* End PBXResourcesBuildPhase section */

/* Begin PBXShellScriptBuildPhase section */
		41CDE2316977C9E971FF036A /* [CP] Check Pods Manifest.lock */ = {
			isa = PBXShellScriptBuildPhase;
			buildActionMask = 2147483647;
			files = (
			);
			inputPaths = (
				"${PODS_PODFILE_DIR_PATH}/Podfile.lock",
				"${PODS_ROOT}/Manifest.lock",
			);
			name = "[CP] Check Pods Manifest.lock";
			outputPaths = (
				"$(DERIVED_FILE_DIR)/Pods-OpenParis-checkManifestLockResult.txt",
			);
			runOnlyForDeploymentPostprocessing = 0;
			shellPath = /bin/sh;
			shellScript = "diff \"${PODS_PODFILE_DIR_PATH}/Podfile.lock\" \"${PODS_ROOT}/Manifest.lock\" > /dev/null\nif [ $? != 0 ] ; then\n    # print error to STDERR\n    echo \"error: The sandbox is not in sync with the Podfile.lock. Run 'pod install' or update your CocoaPods installation.\" >&2\n    exit 1\nfi\n# This output is used by Xcode 'outputs' to avoid re-running this script phase.\necho \"SUCCESS\" > \"${SCRIPT_OUTPUT_FILE_0}\"\n";
			showEnvVarsInLog = 0;
		};
		74497DFFEB133EC0AC1657C7 /* [CP] Copy Pods Resources */ = {
			isa = PBXShellScriptBuildPhase;
			buildActionMask = 2147483647;
			files = (
			);
			inputPaths = (
			);
			name = "[CP] Copy Pods Resources";
			outputPaths = (
			);
			runOnlyForDeploymentPostprocessing = 0;
			shellPath = /bin/sh;
			shellScript = "\"${SRCROOT}/Pods/Target Support Files/Pods-OpenParis/Pods-OpenParis-resources.sh\"\n";
			showEnvVarsInLog = 0;
		};
		D198F5EF479EE2C0E2E95473 /* [CP] Embed Pods Frameworks */ = {
			isa = PBXShellScriptBuildPhase;
			buildActionMask = 2147483647;
			files = (
			);
			inputPaths = (
				"${SRCROOT}/Pods/Target Support Files/Pods-OpenParis/Pods-OpenParis-frameworks.sh",
				"${BUILT_PRODUCTS_DIR}/Alamofire/Alamofire.framework",
				"${BUILT_PRODUCTS_DIR}/SwiftyJSON/SwiftyJSON.framework",
			);
			name = "[CP] Embed Pods Frameworks";
			outputPaths = (
				"${TARGET_BUILD_DIR}/${FRAMEWORKS_FOLDER_PATH}/Alamofire.framework",
				"${TARGET_BUILD_DIR}/${FRAMEWORKS_FOLDER_PATH}/SwiftyJSON.framework",
			);
			runOnlyForDeploymentPostprocessing = 0;
			shellPath = /bin/sh;
			shellScript = "\"${SRCROOT}/Pods/Target Support Files/Pods-OpenParis/Pods-OpenParis-frameworks.sh\"\n";
			showEnvVarsInLog = 0;
		};
/* End PBXShellScriptBuildPhase section */

/* Begin PBXSourcesBuildPhase section */
		AEFB97161F5FFF030013F30A /* Sources */ = {
			isa = PBXSourcesBuildPhase;
			buildActionMask = 2147483647;
			files = (
				D73344D71F629A5F00BF890E /* ChoiceViewController.swift in Sources */,
				D72A4C7A1F629582006A7D90 /* SearchViewController.swift in Sources */,
				AEFB97201F5FFF030013F30A /* MainViewController.swift in Sources */,
				D7644C041F882581002AC8FA /* Place.swift in Sources */,
				AEFB971E1F5FFF030013F30A /* AppDelegate.swift in Sources */,
				AE17FEA11F603943003F9727 /* SignUpViewController.swift in Sources */,
				D7644C021F882381002AC8FA /* Logement.swift in Sources */,
				AE17FE9F1F60392B003F9727 /* SignInViewController.swift in Sources */,
				D7112A641F62B78E00CC4892 /* EntryCell.swift in Sources */,
				AE17FEA31F60396C003F9727 /* AddSpotViewController.swift in Sources */,
				AE9D0C5F1F618B0500A8D14B /* CustomCell.swift in Sources */,
				AE9D0C5D1F61890100A8D14B /* ResultsViewController.swift in Sources */,
			);
			runOnlyForDeploymentPostprocessing = 0;
		};
/* End PBXSourcesBuildPhase section */

/* Begin PBXVariantGroup section */
		AEFB97211F5FFF030013F30A /* Main.storyboard */ = {
			isa = PBXVariantGroup;
			children = (
				AEFB97221F5FFF030013F30A /* Base */,
			);
			name = Main.storyboard;
			sourceTree = "<group>";
		};
		AEFB97261F5FFF030013F30A /* LaunchScreen.storyboard */ = {
			isa = PBXVariantGroup;
			children = (
				AEFB97271F5FFF030013F30A /* Base */,
			);
			name = LaunchScreen.storyboard;
			sourceTree = "<group>";
		};
/* End PBXVariantGroup section */

/* Begin XCBuildConfiguration section */
		AEFB972A1F5FFF030013F30A /* Debug */ = {
			isa = XCBuildConfiguration;
			buildSettings = {
				ALWAYS_SEARCH_USER_PATHS = NO;
				CLANG_ANALYZER_NONNULL = YES;
				CLANG_CXX_LANGUAGE_STANDARD = "gnu++0x";
				CLANG_CXX_LIBRARY = "libc++";
				CLANG_ENABLE_MODULES = YES;
				CLANG_ENABLE_OBJC_ARC = YES;
				CLANG_WARN_BLOCK_CAPTURE_AUTORELEASING = YES;
				CLANG_WARN_BOOL_CONVERSION = YES;
				CLANG_WARN_COMMA = YES;
				CLANG_WARN_CONSTANT_CONVERSION = YES;
				CLANG_WARN_DIRECT_OBJC_ISA_USAGE = YES_ERROR;
				CLANG_WARN_DOCUMENTATION_COMMENTS = YES;
				CLANG_WARN_EMPTY_BODY = YES;
				CLANG_WARN_ENUM_CONVERSION = YES;
				CLANG_WARN_INFINITE_RECURSION = YES;
				CLANG_WARN_INT_CONVERSION = YES;
				CLANG_WARN_NON_LITERAL_NULL_CONVERSION = YES;
				CLANG_WARN_OBJC_LITERAL_CONVERSION = YES;
				CLANG_WARN_OBJC_ROOT_CLASS = YES_ERROR;
				CLANG_WARN_RANGE_LOOP_ANALYSIS = YES;
				CLANG_WARN_STRICT_PROTOTYPES = YES;
				CLANG_WARN_SUSPICIOUS_MOVE = YES;
				CLANG_WARN_UNREACHABLE_CODE = YES;
				CLANG_WARN__DUPLICATE_METHOD_MATCH = YES;
				"CODE_SIGN_IDENTITY[sdk=iphoneos*]" = "iPhone Developer";
				COPY_PHASE_STRIP = NO;
				DEBUG_INFORMATION_FORMAT = dwarf;
				ENABLE_STRICT_OBJC_MSGSEND = YES;
				ENABLE_TESTABILITY = YES;
				GCC_C_LANGUAGE_STANDARD = gnu99;
				GCC_DYNAMIC_NO_PIC = NO;
				GCC_NO_COMMON_BLOCKS = YES;
				GCC_OPTIMIZATION_LEVEL = 0;
				GCC_PREPROCESSOR_DEFINITIONS = (
					"DEBUG=1",
					"$(inherited)",
				);
				GCC_WARN_64_TO_32_BIT_CONVERSION = YES;
				GCC_WARN_ABOUT_RETURN_TYPE = YES_ERROR;
				GCC_WARN_UNDECLARED_SELECTOR = YES;
				GCC_WARN_UNINITIALIZED_AUTOS = YES_AGGRESSIVE;
				GCC_WARN_UNUSED_FUNCTION = YES;
				GCC_WARN_UNUSED_VARIABLE = YES;
				IPHONEOS_DEPLOYMENT_TARGET = 10.2;
				MTL_ENABLE_DEBUG_INFO = YES;
				ONLY_ACTIVE_ARCH = YES;
				SDKROOT = iphoneos;
				SWIFT_ACTIVE_COMPILATION_CONDITIONS = DEBUG;
				SWIFT_OPTIMIZATION_LEVEL = "-Onone";
			};
			name = Debug;
		};
		AEFB972B1F5FFF030013F30A /* Release */ = {
			isa = XCBuildConfiguration;
			buildSettings = {
				ALWAYS_SEARCH_USER_PATHS = NO;
				CLANG_ANALYZER_NONNULL = YES;
				CLANG_CXX_LANGUAGE_STANDARD = "gnu++0x";
				CLANG_CXX_LIBRARY = "libc++";
				CLANG_ENABLE_MODULES = YES;
				CLANG_ENABLE_OBJC_ARC = YES;
				CLANG_WARN_BLOCK_CAPTURE_AUTORELEASING = YES;
				CLANG_WARN_BOOL_CONVERSION = YES;
				CLANG_WARN_COMMA = YES;
				CLANG_WARN_CONSTANT_CONVERSION = YES;
				CLANG_WARN_DIRECT_OBJC_ISA_USAGE = YES_ERROR;
				CLANG_WARN_DOCUMENTATION_COMMENTS = YES;
				CLANG_WARN_EMPTY_BODY = YES;
				CLANG_WARN_ENUM_CONVERSION = YES;
				CLANG_WARN_INFINITE_RECURSION = YES;
				CLANG_WARN_INT_CONVERSION = YES;
				CLANG_WARN_NON_LITERAL_NULL_CONVERSION = YES;
				CLANG_WARN_OBJC_LITERAL_CONVERSION = YES;
				CLANG_WARN_OBJC_ROOT_CLASS = YES_ERROR;
				CLANG_WARN_RANGE_LOOP_ANALYSIS = YES;
				CLANG_WARN_STRICT_PROTOTYPES = YES;
				CLANG_WARN_SUSPICIOUS_MOVE = YES;
				CLANG_WARN_UNREACHABLE_CODE = YES;
				CLANG_WARN__DUPLICATE_METHOD_MATCH = YES;
				"CODE_SIGN_IDENTITY[sdk=iphoneos*]" = "iPhone Developer";
				COPY_PHASE_STRIP = NO;
				DEBUG_INFORMATION_FORMAT = "dwarf-with-dsym";
				ENABLE_NS_ASSERTIONS = NO;
				ENABLE_STRICT_OBJC_MSGSEND = YES;
				GCC_C_LANGUAGE_STANDARD = gnu99;
				GCC_NO_COMMON_BLOCKS = YES;
				GCC_WARN_64_TO_32_BIT_CONVERSION = YES;
				GCC_WARN_ABOUT_RETURN_TYPE = YES_ERROR;
				GCC_WARN_UNDECLARED_SELECTOR = YES;
				GCC_WARN_UNINITIALIZED_AUTOS = YES_AGGRESSIVE;
				GCC_WARN_UNUSED_FUNCTION = YES;
				GCC_WARN_UNUSED_VARIABLE = YES;
				IPHONEOS_DEPLOYMENT_TARGET = 10.2;
				MTL_ENABLE_DEBUG_INFO = NO;
				SDKROOT = iphoneos;
				SWIFT_OPTIMIZATION_LEVEL = "-Owholemodule";
				VALIDATE_PRODUCT = YES;
			};
			name = Release;
		};
		AEFB972D1F5FFF030013F30A /* Debug */ = {
			isa = XCBuildConfiguration;
			baseConfigurationReference = 6783C6BD2BB685AD4E60F576 /* Pods-OpenParis.debug.xcconfig */;
			buildSettings = {
				ALWAYS_EMBED_SWIFT_STANDARD_LIBRARIES = YES;
				ASSETCATALOG_COMPILER_APPICON_NAME = AppIcon;
				DEVELOPMENT_TEAM = 5RUJTG3BGA;
				INFOPLIST_FILE = OpenParis/Info.plist;
				LD_RUNPATH_SEARCH_PATHS = "$(inherited) @executable_path/Frameworks";
				PRODUCT_BUNDLE_IDENTIFIER = com.esgiprojects.OpenParis;
				PRODUCT_NAME = "$(TARGET_NAME)";
				SWIFT_SWIFT3_OBJC_INFERENCE = Default;
				SWIFT_VERSION = 4.0;
			};
			name = Debug;
		};
		AEFB972E1F5FFF030013F30A /* Release */ = {
			isa = XCBuildConfiguration;
			baseConfigurationReference = D7B627BC6DA7E360742C9D52 /* Pods-OpenParis.release.xcconfig */;
			buildSettings = {
				ALWAYS_EMBED_SWIFT_STANDARD_LIBRARIES = YES;
				ASSETCATALOG_COMPILER_APPICON_NAME = AppIcon;
				DEVELOPMENT_TEAM = 5RUJTG3BGA;
				INFOPLIST_FILE = OpenParis/Info.plist;
				LD_RUNPATH_SEARCH_PATHS = "$(inherited) @executable_path/Frameworks";
				PRODUCT_BUNDLE_IDENTIFIER = com.esgiprojects.OpenParis;
				PRODUCT_NAME = "$(TARGET_NAME)";
				SWIFT_SWIFT3_OBJC_INFERENCE = Default;
				SWIFT_VERSION = 4.0;
			};
			name = Release;
		};
/* End XCBuildConfiguration section */

/* Begin XCConfigurationList section */
		AEFB97151F5FFF030013F30A /* Build configuration list for PBXProject "OpenParis" */ = {
			isa = XCConfigurationList;
			buildConfigurations = (
				AEFB972A1F5FFF030013F30A /* Debug */,
				AEFB972B1F5FFF030013F30A /* Release */,
			);
			defaultConfigurationIsVisible = 0;
			defaultConfigurationName = Release;
		};
		AEFB972C1F5FFF030013F30A /* Build configuration list for PBXNativeTarget "OpenParis" */ = {
			isa = XCConfigurationList;
			buildConfigurations = (
				AEFB972D1F5FFF030013F30A /* Debug */,
				AEFB972E1F5FFF030013F30A /* Release */,
			);
			defaultConfigurationIsVisible = 0;
			defaultConfigurationName = Release;
		};
/* End XCConfigurationList section */
	};
	rootObject = AEFB97121F5FFF030013F30A /* Project object */;
}
